
Microsoft Visual Studio Solution File, Format Version 12.00
# Visual Studio 15
VisualStudioVersion = 15.0.26430.6
MinimumVisualStudioVersion = 10.0.40219.1
Project("{FAE04EC0-301F-11D3-BF4B-00C04F79EFBC}") = "SocialBooks.Api", "SocialBooks.Api\SocialBooks.Api.csproj", "{E960EEC2-0C60-45A9-82F7-6629D87FA2DD}"
EndProject
Project("{FAE04EC0-301F-11D3-BF4B-00C04F79EFBC}") = "SocialBooks.Models", "SocialBooks.Models\SocialBooks.Models.csproj", "{8CB19108-AC23-4E7A-AED9-A5629F6D8D81}"
EndProject
Project("{FAE04EC0-301F-11D3-BF4B-00C04F79EFBC}") = "SocialBooks.Data", "SocialBooks.Data\SocialBooks.Data.csproj", "{2D7F4E8C-72AD-4EDB-944D-185E9A940CD6}"
EndProject
Project("{FAE04EC0-301F-11D3-BF4B-00C04F79EFBC}") = "SocialBooks.Tests", "SocialBooks.Tests\SocialBooks.Tests.csproj", "{F6827C44-F987-4444-8EF7-1EAA79777DF2}"
EndProject
Global
	GlobalSection(SolutionConfigurationPlatforms) = preSolution
		Debug|Any CPU = Debug|Any CPU
		Release|Any CPU = Release|Any CPU
	EndGlobalSection
	GlobalSection(ProjectConfigurationPlatforms) = postSolution
		{E960EEC2-0C60-45A9-82F7-6629D87FA2DD}.Debug|Any CPU.ActiveCfg = Debug|Any CPU
		{E960EEC2-0C60-45A9-82F7-6629D87FA2DD}.Debug|Any CPU.Build.0 = Debug|Any CPU
		{E960EEC2-0C60-45A9-82F7-6629D87FA2DD}.Release|Any CPU.ActiveCfg = Release|Any CPU
		{E960EEC2-0C60-45A9-82F7-6629D87FA2DD}.Release|Any CPU.Build.0 = Release|Any CPU
		{8CB19108-AC23-4E7A-AED9-A5629F6D8D81}.Debug|Any CPU.ActiveCfg = Debug|Any CPU
		{8CB19108-AC23-4E7A-AED9-A5629F6D8D81}.Debug|Any CPU.Build.0 = Debug|Any CPU
		{8CB19108-AC23-4E7A-AED9-A5629F6D8D81}.Release|Any CPU.ActiveCfg = Release|Any CPU
		{8CB19108-AC23-4E7A-AED9-A5629F6D8D81}.Release|Any CPU.Build.0 = Release|Any CPU
		{2D7F4E8C-72AD-4EDB-944D-185E9A940CD6}.Debug|Any CPU.ActiveCfg = Debug|Any CPU
		{2D7F4E8C-72AD-4EDB-944D-185E9A940CD6}.Debug|Any CPU.Build.0 = Debug|Any CPU
		{2D7F4E8C-72AD-4EDB-944D-185E9A940CD6}.Release|Any CPU.ActiveCfg = Release|Any CPU
		{2D7F4E8C-72AD-4EDB-944D-185E9A940CD6}.Release|Any CPU.Build.0 = Release|Any CPU
		{F6827C44-F987-4444-8EF7-1EAA79777DF2}.Debug|Any CPU.ActiveCfg = Debug|Any CPU
		{F6827C44-F987-4444-8EF7-1EAA79777DF2}.Debug|Any CPU.Build.0 = Debug|Any CPU
		{F6827C44-F987-4444-8EF7-1EAA79777DF2}.Release|Any CPU.ActiveCfg = Release|Any CPU
		{F6827C44-F987-4444-8EF7-1EAA79777DF2}.Release|Any CPU.Build.0 = Release|Any CPU
	EndGlobalSection
	GlobalSection(SolutionProperties) = preSolution
		HideSolutionNode = FALSE
	EndGlobalSection
EndGlobal
